// !$*UTF8*$!
{
	archiveVersion = 1;
	classes = {
	};
	objectVersion = 55;
	objects = {

/* Begin PBXBuildFile section */
		CB4DACF72965BB0300CCC151 /* SearchBar.swift in Sources */ = {isa = PBXBuildFile; fileRef = CB4DACF62965BB0300CCC151 /* SearchBar.swift */; };
		CB4DACFB2965CA5B00CCC151 /* SlideOverCard.swift in Sources */ = {isa = PBXBuildFile; fileRef = CB4DACFA2965CA5B00CCC151 /* SlideOverCard.swift */; };
		CB4DACFD2965CAC100CCC151 /* Handle.swift in Sources */ = {isa = PBXBuildFile; fileRef = CB4DACFC2965CAC100CCC151 /* Handle.swift */; };
		CBAB336A2978E1150077305C /* csvjson.json in Resources */ = {isa = PBXBuildFile; fileRef = CBAB33692978E1150077305C /* csvjson.json */; };
		CBAB336C2978E13E0077305C /* Organizer.swift in Sources */ = {isa = PBXBuildFile; fileRef = CBAB336B2978E13E0077305C /* Organizer.swift */; };
		CBAB336F2978E1AA0077305C /* OrganizerClass.swift in Sources */ = {isa = PBXBuildFile; fileRef = CBAB336E2978E1AA0077305C /* OrganizerClass.swift */; };
		CBB10902295CAEB3003ED5C5 /* CountryAppApp.swift in Sources */ = {isa = PBXBuildFile; fileRef = CBB10901295CAEB3003ED5C5 /* CountryAppApp.swift */; };
		CBB10904295CAEB3003ED5C5 /* ContentView.swift in Sources */ = {isa = PBXBuildFile; fileRef = CBB10903295CAEB3003ED5C5 /* ContentView.swift */; };
		CBB10906295CAEB6003ED5C5 /* Assets.xcassets in Resources */ = {isa = PBXBuildFile; fileRef = CBB10905295CAEB6003ED5C5 /* Assets.xcassets */; };
		CBB10909295CAEB6003ED5C5 /* Preview Assets.xcassets in Resources */ = {isa = PBXBuildFile; fileRef = CBB10908295CAEB6003ED5C5 /* Preview Assets.xcassets */; };
		CBB10913295CB07B003ED5C5 /* Fetch.swift in Sources */ = {isa = PBXBuildFile; fileRef = CBB10912295CB07B003ED5C5 /* Fetch.swift */; };
		CBB10915295CB1BF003ED5C5 /* Country.swift in Sources */ = {isa = PBXBuildFile; fileRef = CBB10914295CB1BF003ED5C5 /* Country.swift */; };
/* End PBXBuildFile section */

/* Begin PBXFileReference section */
		CB4DACF62965BB0300CCC151 /* SearchBar.swift */ = {isa = PBXFileReference; lastKnownFileType = sourcecode.swift; path = SearchBar.swift; sourceTree = "<group>"; };
		CB4DACFA2965CA5B00CCC151 /* SlideOverCard.swift */ = {isa = PBXFileReference; lastKnownFileType = sourcecode.swift; path = SlideOverCard.swift; sourceTree = "<group>"; };
		CB4DACFC2965CAC100CCC151 /* Handle.swift */ = {isa = PBXFileReference; lastKnownFileType = sourcecode.swift; path = Handle.swift; sourceTree = "<group>"; };
		CBAB33692978E1150077305C /* csvjson.json */ = {isa = PBXFileReference; fileEncoding = 4; lastKnownFileType = text.json; path = csvjson.json; sourceTree = "<group>"; };
		CBAB336B2978E13E0077305C /* Organizer.swift */ = {isa = PBXFileReference; lastKnownFileType = sourcecode.swift; path = Organizer.swift; sourceTree = "<group>"; };
		CBAB336E2978E1AA0077305C /* OrganizerClass.swift */ = {isa = PBXFileReference; lastKnownFileType = sourcecode.swift; path = OrganizerClass.swift; sourceTree = "<group>"; };
		CBB108FE295CAEB3003ED5C5 /* CountryApp.app */ = {isa = PBXFileReference; explicitFileType = wrapper.application; includeInIndex = 0; path = CountryApp.app; sourceTree = BUILT_PRODUCTS_DIR; };
		CBB10901295CAEB3003ED5C5 /* CountryAppApp.swift */ = {isa = PBXFileReference; lastKnownFileType = sourcecode.swift; path = CountryAppApp.swift; sourceTree = "<group>"; };
		CBB10903295CAEB3003ED5C5 /* ContentView.swift */ = {isa = PBXFileReference; lastKnownFileType = sourcecode.swift; path = ContentView.swift; sourceTree = "<group>"; };
		CBB10905295CAEB6003ED5C5 /* Assets.xcassets */ = {isa = PBXFileReference; lastKnownFileType = folder.assetcatalog; path = Assets.xcassets; sourceTree = "<group>"; };
		CBB10908295CAEB6003ED5C5 /* Preview Assets.xcassets */ = {isa = PBXFileReference; lastKnownFileType = folder.assetcatalog; path = "Preview Assets.xcassets"; sourceTree = "<group>"; };
		CBB10912295CB07B003ED5C5 /* Fetch.swift */ = {isa = PBXFileReference; lastKnownFileType = sourcecode.swift; path = Fetch.swift; sourceTree = "<group>"; };
		CBB10914295CB1BF003ED5C5 /* Country.swift */ = {isa = PBXFileReference; lastKnownFileType = sourcecode.swift; path = Country.swift; sourceTree = "<group>"; };
/* End PBXFileReference section */

/* Begin PBXFrameworksBuildPhase section */
		CBB108FB295CAEB3003ED5C5 /* Frameworks */ = {
			isa = PBXFrameworksBuildPhase;
			buildActionMask = 2147483647;
			files = (
			);
			runOnlyForDeploymentPostprocessing = 0;
		};
/* End PBXFrameworksBuildPhase section */

/* Begin PBXGroup section */
		CBAB33682978E0EF0077305C /* JsonFile */ = {
			isa = PBXGroup;
			children = (
			);
			path = JsonFile;
			sourceTree = "<group>";
		};
		CBAB336D2978E1530077305C /* Organizers */ = {
			isa = PBXGroup;
			children = (
				CBAB336B2978E13E0077305C /* Organizer.swift */,
				CBAB336E2978E1AA0077305C /* OrganizerClass.swift */,
			);
			path = Organizers;
			sourceTree = "<group>";
		};
		CBB108F5295CAEB3003ED5C5 = {
			isa = PBXGroup;
			children = (
				CBB10900295CAEB3003ED5C5 /* CountryApp */,
				CBB108FF295CAEB3003ED5C5 /* Products */,
			);
			sourceTree = "<group>";
		};
		CBB108FF295CAEB3003ED5C5 /* Products */ = {
			isa = PBXGroup;
			children = (
				CBB108FE295CAEB3003ED5C5 /* CountryApp.app */,
			);
			name = Products;
			sourceTree = "<group>";
		};
		CBB10900295CAEB3003ED5C5 /* CountryApp */ = {
			isa = PBXGroup;
			children = (
				CBAB33682978E0EF0077305C /* JsonFile */,
				CBB10911295CAFE4003ED5C5 /* Views */,
				CBB1090F295CAFC3003ED5C5 /* Models */,
				CBB10905295CAEB6003ED5C5 /* Assets.xcassets */,
				CBB10901295CAEB3003ED5C5 /* CountryAppApp.swift */,
				CBAB33692978E1150077305C /* csvjson.json */,
				CBB10907295CAEB6003ED5C5 /* Preview Content */,
			);
			path = CountryApp;
			sourceTree = "<group>";
		};
		CBB10907295CAEB6003ED5C5 /* Preview Content */ = {
			isa = PBXGroup;
			children = (
				CBB10908295CAEB6003ED5C5 /* Preview Assets.xcassets */,
			);
			path = "Preview Content";
			sourceTree = "<group>";
		};
		CBB1090F295CAFC3003ED5C5 /* Models */ = {
			isa = PBXGroup;
			children = (
				CBAB336D2978E1530077305C /* Organizers */,
				CBB10912295CB07B003ED5C5 /* Fetch.swift */,
				CBB10914295CB1BF003ED5C5 /* Country.swift */,
			);
			path = Models;
			sourceTree = "<group>";
		};
		CBB10911295CAFE4003ED5C5 /* Views */ = {
			isa = PBXGroup;
			children = (
				CBB10903295CAEB3003ED5C5 /* ContentView.swift */,
				CB4DACF62965BB0300CCC151 /* SearchBar.swift */,
				CB4DACFA2965CA5B00CCC151 /* SlideOverCard.swift */,
				CB4DACFC2965CAC100CCC151 /* Handle.swift */,
			);
			path = Views;
			sourceTree = "<group>";
		};
/* End PBXGroup section */

/* Begin PBXNativeTarget section */
		CBB108FD295CAEB3003ED5C5 /* CountryApp */ = {
			isa = PBXNativeTarget;
			buildConfigurationList = CBB1090C295CAEB6003ED5C5 /* Build configuration list for PBXNativeTarget "CountryApp" */;
			buildPhases = (
				CBB108FA295CAEB3003ED5C5 /* Sources */,
				CBB108FB295CAEB3003ED5C5 /* Frameworks */,
				CBB108FC295CAEB3003ED5C5 /* Resources */,
			);
			buildRules = (
			);
			dependencies = (
			);
			name = CountryApp;
			productName = CountryApp;
			productReference = CBB108FE295CAEB3003ED5C5 /* CountryApp.app */;
			productType = "com.apple.product-type.application";
		};
/* End PBXNativeTarget section */

/* Begin PBXProject section */
		CBB108F6295CAEB3003ED5C5 /* Project object */ = {
			isa = PBXProject;
			attributes = {
				BuildIndependentTargetsInParallel = 1;
				LastSwiftUpdateCheck = 1340;
				LastUpgradeCheck = 1340;
				TargetAttributes = {
					CBB108FD295CAEB3003ED5C5 = {
						CreatedOnToolsVersion = 13.4.1;
					};
				};
			};
			buildConfigurationList = CBB108F9295CAEB3003ED5C5 /* Build configuration list for PBXProject "CountryApp" */;
			compatibilityVersion = "Xcode 13.0";
			developmentRegion = en;
			hasScannedForEncodings = 0;
			knownRegions = (
				en,
				Base,
			);
			mainGroup = CBB108F5295CAEB3003ED5C5;
			productRefGroup = CBB108FF295CAEB3003ED5C5 /* Products */;
			projectDirPath = "";
			projectRoot = "";
			targets = (
				CBB108FD295CAEB3003ED5C5 /* CountryApp */,
			);
		};
/* End PBXProject section */

/* Begin PBXResourcesBuildPhase section */
		CBB108FC295CAEB3003ED5C5 /* Resources */ = {
			isa = PBXResourcesBuildPhase;
			buildActionMask = 2147483647;
			files = (
				CBB10909295CAEB6003ED5C5 /* Preview Assets.xcassets in Resources */,
				CBB10906295CAEB6003ED5C5 /* Assets.xcassets in Resources */,
				CBAB336A2978E1150077305C /* csvjson.json in Resources */,
			);
			runOnlyForDeploymentPostprocessing = 0;
		};
/* End PBXResourcesBuildPhase section */

/* Begin PBXSourcesBuildPhase section */
		CBB108FA295CAEB3003ED5C5 /* Sources */ = {
			isa = PBXSourcesBuildPhase;
			buildActionMask = 2147483647;
			files = (
				CBB10915295CB1BF003ED5C5 /* Country.swift in Sources */,
				CBB10913295CB07B003ED5C5 /* Fetch.swift in Sources */,
				CB4DACF72965BB0300CCC151 /* SearchBar.swift in Sources */,
				CBAB336C2978E13E0077305C /* Organizer.swift in Sources */,
				CB4DACFD2965CAC100CCC151 /* Handle.swift in Sources */,
				CBB10904295CAEB3003ED5C5 /* ContentView.swift in Sources */,
				CBAB336F2978E1AA0077305C /* OrganizerClass.swift in Sources */,
				CBB10902295CAEB3003ED5C5 /* CountryAppApp.swift in Sources */,
				CB4DACFB2965CA5B00CCC151 /* SlideOverCard.swift in Sources */,
			);
			runOnlyForDeploymentPostprocessing = 0;
		};
/* End PBXSourcesBuildPhase section */

/* Begin XCBuildConfiguration section */
		CBB1090A295CAEB6003ED5C5 /* Debug */ = {
			isa = XCBuildConfiguration;
			buildSettings = {
				ALWAYS_SEARCH_USER_PATHS = NO;
				CLANG_ANALYZER_NONNULL = YES;
				CLANG_ANALYZER_NUMBER_OBJECT_CONVERSION = YES_AGGRESSIVE;
				CLANG_CXX_LANGUAGE_STANDARD = "gnu++17";
				CLANG_ENABLE_MODULES = YES;
				CLANG_ENABLE_OBJC_ARC = YES;
				CLANG_ENABLE_OBJC_WEAK = YES;
				CLANG_WARN_BLOCK_CAPTURE_AUTORELEASING = YES;
				CLANG_WARN_BOOL_CONVERSION = YES;
				CLANG_WARN_COMMA = YES;
				CLANG_WARN_CONSTANT_CONVERSION = YES;
				CLANG_WARN_DEPRECATED_OBJC_IMPLEMENTATIONS = YES;
				CLANG_WARN_DIRECT_OBJC_ISA_USAGE = YES_ERROR;
				CLANG_WARN_DOCUMENTATION_COMMENTS = YES;
				CLANG_WARN_EMPTY_BODY = YES;
				CLANG_WARN_ENUM_CONVERSION = YES;
				CLANG_WARN_INFINITE_RECURSION = YES;
				CLANG_WARN_INT_CONVERSION = YES;
				CLANG_WARN_NON_LITERAL_NULL_CONVERSION = YES;
				CLANG_WARN_OBJC_IMPLICIT_RETAIN_SELF = YES;
				CLANG_WARN_OBJC_LITERAL_CONVERSION = YES;
				CLANG_WARN_OBJC_ROOT_CLASS = YES_ERROR;
				CLANG_WARN_QUOTED_INCLUDE_IN_FRAMEWORK_HEADER = YES;
				CLANG_WARN_RANGE_LOOP_ANALYSIS = YES;
				CLANG_WARN_STRICT_PROTOTYPES = YES;
				CLANG_WARN_SUSPICIOUS_MOVE = YES;
				CLANG_WARN_UNGUARDED_AVAILABILITY = YES_AGGRESSIVE;
				CLANG_WARN_UNREACHABLE_CODE = YES;
				CLANG_WARN__DUPLICATE_METHOD_MATCH = YES;
				COPY_PHASE_STRIP = NO;
				DEBUG_INFORMATION_FORMAT = dwarf;
				ENABLE_STRICT_OBJC_MSGSEND = YES;
				ENABLE_TESTABILITY = YES;
				GCC_C_LANGUAGE_STANDARD = gnu11;
				GCC_DYNAMIC_NO_PIC = NO;
				GCC_NO_COMMON_BLOCKS = YES;
				GCC_OPTIMIZATION_LEVEL = 0;
				GCC_PREPROCESSOR_DEFINITIONS = (
					"DEBUG=1",
					"$(inherited)",
				);
				GCC_WARN_64_TO_32_BIT_CONVERSION = YES;
				GCC_WARN_ABOUT_RETURN_TYPE = YES_ERROR;
				GCC_WARN_UNDECLARED_SELECTOR = YES;
				GCC_WARN_UNINITIALIZED_AUTOS = YES_AGGRESSIVE;
				GCC_WARN_UNUSED_FUNCTION = YES;
				GCC_WARN_UNUSED_VARIABLE = YES;
				IPHONEOS_DEPLOYMENT_TARGET = 15.5;
				MTL_ENABLE_DEBUG_INFO = INCLUDE_SOURCE;
				MTL_FAST_MATH = YES;
				ONLY_ACTIVE_ARCH = YES;
				SDKROOT = iphoneos;
				SWIFT_ACTIVE_COMPILATION_CONDITIONS = DEBUG;
				SWIFT_OPTIMIZATION_LEVEL = "-Onone";
			};
			name = Debug;
		};
		CBB1090B295CAEB6003ED5C5 /* Release */ = {
			isa = XCBuildConfiguration;
			buildSettings = {
				ALWAYS_SEARCH_USER_PATHS = NO;
				CLANG_ANALYZER_NONNULL = YES;
				CLANG_ANALYZER_NUMBER_OBJECT_CONVERSION = YES_AGGRESSIVE;
				CLANG_CXX_LANGUAGE_STANDARD = "gnu++17";
				CLANG_ENABLE_MODULES = YES;
				CLANG_ENABLE_OBJC_ARC = YES;
				CLANG_ENABLE_OBJC_WEAK = YES;
				CLANG_WARN_BLOCK_CAPTURE_AUTORELEASING = YES;
				CLANG_WARN_BOOL_CONVERSION = YES;
				CLANG_WARN_COMMA = YES;
				CLANG_WARN_CONSTANT_CONVERSION = YES;
				CLANG_WARN_DEPRECATED_OBJC_IMPLEMENTATIONS = YES;
				CLANG_WARN_DIRECT_OBJC_ISA_USAGE = YES_ERROR;
				CLANG_WARN_DOCUMENTATION_COMMENTS = YES;
				CLANG_WARN_EMPTY_BODY = YES;
				CLANG_WARN_ENUM_CONVERSION = YES;
				CLANG_WARN_INFINITE_RECURSION = YES;
				CLANG_WARN_INT_CONVERSION = YES;
				CLANG_WARN_NON_LITERAL_NULL_CONVERSION = YES;
				CLANG_WARN_OBJC_IMPLICIT_RETAIN_SELF = YES;
				CLANG_WARN_OBJC_LITERAL_CONVERSION = YES;
				CLANG_WARN_OBJC_ROOT_CLASS = YES_ERROR;
				CLANG_WARN_QUOTED_INCLUDE_IN_FRAMEWORK_HEADER = YES;
				CLANG_WARN_RANGE_LOOP_ANALYSIS = YES;
				CLANG_WARN_STRICT_PROTOTYPES = YES;
				CLANG_WARN_SUSPICIOUS_MOVE = YES;
				CLANG_WARN_UNGUARDED_AVAILABILITY = YES_AGGRESSIVE;
				CLANG_WARN_UNREACHABLE_CODE = YES;
				CLANG_WARN__DUPLICATE_METHOD_MATCH = YES;
				COPY_PHASE_STRIP = NO;
				DEBUG_INFORMATION_FORMAT = "dwarf-with-dsym";
				ENABLE_NS_ASSERTIONS = NO;
				ENABLE_STRICT_OBJC_MSGSEND = YES;
				GCC_C_LANGUAGE_STANDARD = gnu11;
				GCC_NO_COMMON_BLOCKS = YES;
				GCC_WARN_64_TO_32_BIT_CONVERSION = YES;
				GCC_WARN_ABOUT_RETURN_TYPE = YES_ERROR;
				GCC_WARN_UNDECLARED_SELECTOR = YES;
				GCC_WARN_UNINITIALIZED_AUTOS = YES_AGGRESSIVE;
				GCC_WARN_UNUSED_FUNCTION = YES;
				GCC_WARN_UNUSED_VARIABLE = YES;
				IPHONEOS_DEPLOYMENT_TARGET = 15.5;
				MTL_ENABLE_DEBUG_INFO = NO;
				MTL_FAST_MATH = YES;
				SDKROOT = iphoneos;
				SWIFT_COMPILATION_MODE = wholemodule;
				SWIFT_OPTIMIZATION_LEVEL = "-O";
				VALIDATE_PRODUCT = YES;
			};
			name = Release;
		};
		CBB1090D295CAEB6003ED5C5 /* Debug */ = {
			isa = XCBuildConfiguration;
			buildSettings = {
				ASSETCATALOG_COMPILER_APPICON_NAME = AppIcon;
				ASSETCATALOG_COMPILER_GLOBAL_ACCENT_COLOR_NAME = AccentColor;
				CODE_SIGN_STYLE = Automatic;
				CURRENT_PROJECT_VERSION = 1;
				DEVELOPMENT_ASSET_PATHS = "\"CountryApp/Preview Content\"";
				DEVELOPMENT_TEAM = 2L7WB896ZB;
				ENABLE_PREVIEWS = YES;
				GENERATE_INFOPLIST_FILE = YES;
				INFOPLIST_KEY_UIApplicationSceneManifest_Generation = YES;
				INFOPLIST_KEY_UIApplicationSupportsIndirectInputEvents = YES;
				INFOPLIST_KEY_UILaunchScreen_Generation = YES;
				INFOPLIST_KEY_UISupportedInterfaceOrientations_iPad = "UIInterfaceOrientationPortrait UIInterfaceOrientationPortraitUpsideDown UIInterfaceOrientationLandscapeLeft UIInterfaceOrientationLandscapeRight";
				INFOPLIST_KEY_UISupportedInterfaceOrientations_iPhone = "UIInterfaceOrientationPortrait UIInterfaceOrientationLandscapeLeft UIInterfaceOrientationLandscapeRight";
				LD_RUNPATH_SEARCH_PATHS = (
					"$(inherited)",
					"@executable_path/Frameworks",
				);
				MARKETING_VERSION = 1.0;
				PRODUCT_BUNDLE_IDENTIFIER = "Morelli-Enterprises.CountryApp";
				PRODUCT_NAME = "$(TARGET_NAME)";
				SWIFT_EMIT_LOC_STRINGS = YES;
				SWIFT_VERSION = 5.0;
				TARGETED_DEVICE_FAMILY = "1,2";
			};
			name = Debug;
		};
		CBB1090E295CAEB6003ED5C5 /* Release */ = {
			isa = XCBuildConfiguration;
			buildSettings = {
				ASSETCATALOG_COMPILER_APPICON_NAME = AppIcon;
				ASSETCATALOG_COMPILER_GLOBAL_ACCENT_COLOR_NAME = AccentColor;
				CODE_SIGN_STYLE = Automatic;
				CURRENT_PROJECT_VERSION = 1;
				DEVELOPMENT_ASSET_PATHS = "\"CountryApp/Preview Content\"";
				DEVELOPMENT_TEAM = 2L7WB896ZB;
				ENABLE_PREVIEWS = YES;
				GENERATE_INFOPLIST_FILE = YES;
				INFOPLIST_KEY_UIApplicationSceneManifest_Generation = YES;
				INFOPLIST_KEY_UIApplicationSupportsIndirectInputEvents = YES;
				INFOPLIST_KEY_UILaunchScreen_Generation = YES;
				INFOPLIST_KEY_UISupportedInterfaceOrientations_iPad = "UIInterfaceOrientationPortrait UIInterfaceOrientationPortraitUpsideDown UIInterfaceOrientationLandscapeLeft UIInterfaceOrientationLandscapeRight";
				INFOPLIST_KEY_UISupportedInterfaceOrientations_iPhone = "UIInterfaceOrientationPortrait UIInterfaceOrientationLandscapeLeft UIInterfaceOrientationLandscapeRight";
				LD_RUNPATH_SEARCH_PATHS = (
					"$(inherited)",
					"@executable_path/Frameworks",
				);
				MARKETING_VERSION = 1.0;
				PRODUCT_BUNDLE_IDENTIFIER = "Morelli-Enterprises.CountryApp";
				PRODUCT_NAME = "$(TARGET_NAME)";
				SWIFT_EMIT_LOC_STRINGS = YES;
				SWIFT_VERSION = 5.0;
				TARGETED_DEVICE_FAMILY = "1,2";
			};
			name = Release;
		};
/* End XCBuildConfiguration section */

/* Begin XCConfigurationList section */
		CBB108F9295CAEB3003ED5C5 /* Build configuration list for PBXProject "CountryApp" */ = {
			isa = XCConfigurationList;
			buildConfigurations = (
				CBB1090A295CAEB6003ED5C5 /* Debug */,
				CBB1090B295CAEB6003ED5C5 /* Release */,
			);
			defaultConfigurationIsVisible = 0;
			defaultConfigurationName = Release;
		};
		CBB1090C295CAEB6003ED5C5 /* Build configuration list for PBXNativeTarget "CountryApp" */ = {
			isa = XCConfigurationList;
			buildConfigurations = (
				CBB1090D295CAEB6003ED5C5 /* Debug */,
				CBB1090E295CAEB6003ED5C5 /* Release */,
			);
			defaultConfigurationIsVisible = 0;
			defaultConfigurationName = Release;
		};
/* End XCConfigurationList section */
	};
	rootObject = CBB108F6295CAEB3003ED5C5 /* Project object */;
}
